<?xml version="1.0" encoding="utf-8"?>
<Project ToolsVersion="17.0" xmlns="http://schemas.microsoft.com/developer/msbuild/2003">
  <ItemGroup>
    <ClCompile Include="D:\Fizh &amp; chips project\Cmake_stuff\lib\sfml\src\SFML\Main\MainWin32.cpp">
      <Filter>Source Files</Filter>
    </ClCompile>
  </ItemGroup>
  <ItemGroup>
    <CustomBuild Include="D:\Fizh &amp; chips project\Cmake_stuff\lib\sfml\src\SFML\Main\CMakeLists.txt" />
  </ItemGroup>
  <ItemGroup>
    <Filter Include="Source Files">
      <UniqueIdentifier>{1DD9A7AF-BE4D-3CFC-A5C8-66006F076C84}</UniqueIdentifier>
    </Filter>
  </ItemGroup>
</Project>
