<?xml version="1.0" encoding="utf-8"?>
<Project ToolsVersion="17.0" xmlns="http://schemas.microsoft.com/developer/msbuild/2003">
  <ItemGroup>
    <ClCompile Include="C:\Users\carlo\source\repos\Fizh-and-Chips\Cmake_stuff\lib\sfml\src\SFML\Main\MainWin32.cpp">
      <Filter>Source Files</Filter>
    </ClCompile>
  </ItemGroup>
  <ItemGroup>
    <CustomBuild Include="C:\Users\carlo\source\repos\Fizh-and-Chips\Cmake_stuff\lib\sfml\src\SFML\Main\CMakeLists.txt" />
  </ItemGroup>
  <ItemGroup>
    <Filter Include="Source Files">
      <UniqueIdentifier>{947628C3-4943-3D6A-B919-7F0ADA005E4E}</UniqueIdentifier>
    </Filter>
  </ItemGroup>
</Project>
