<?xml version="1.0" encoding="utf-8"?>
<Project ToolsVersion="17.0" xmlns="http://schemas.microsoft.com/developer/msbuild/2003">
  <ItemGroup>
    <CustomBuild Include="C:\Users\carlo\source\repos\FizhandChips\Solutions\CMakeFiles\3d37eaf2dadf39e28096f4377971f6e7\PACKAGE_force.rule">
      <Filter>CMake Rules</Filter>
    </CustomBuild>
  </ItemGroup>
  <ItemGroup>
    <Filter Include="CMake Rules">
      <UniqueIdentifier>{8803E7CD-A901-3772-8F23-8E31A8467F39}</UniqueIdentifier>
    </Filter>
  </ItemGroup>
</Project>
