<?xml version="1.0" encoding="utf-8"?>
<Project ToolsVersion="17.0" xmlns="http://schemas.microsoft.com/developer/msbuild/2003">
  <ItemGroup>
    <CustomBuild Include="D:\Fizh &amp; chips project\Solutions\CMakeFiles\f78a3cb185b7c1ee52347eafb0ec3ac3\INSTALL_force.rule">
      <Filter>CMake Rules</Filter>
    </CustomBuild>
  </ItemGroup>
  <ItemGroup>
    <Filter Include="CMake Rules">
      <UniqueIdentifier>{A396926B-F7C1-32DC-BD96-BDD98C42D490}</UniqueIdentifier>
    </Filter>
  </ItemGroup>
</Project>
