
Microsoft Visual Studio Solution File, Format Version 12.00
# Visual Studio Version 17
Project("{2150E333-8FDC-42A3-9474-1A3956D46DE8}") = "CMake", "CMake", "{37B49083-DABB-3B05-B9E9-D7F7A2CFCE3E}"
EndProject
Project("{2150E333-8FDC-42A3-9474-1A3956D46DE8}") = "SFML", "SFML", "{F3ADB404-4D19-34F0-97FB-2A19F96B4FA5}"
EndProject
Project("{8BC9CEB8-8B4A-11D0-8D11-00A0C91BC942}") = "ALL_BUILD", "ALL_BUILD.vcxproj", "{45237938-D342-3B5F-B317-F02761A6379E}"
	ProjectSection(ProjectDependencies) = postProject
		{E3CBB6C8-7879-38D9-8422-367FF67A823B} = {E3CBB6C8-7879-38D9-8422-367FF67A823B}
		{9B431462-E5D4-3FC8-A1C5-19901C700F6E} = {9B431462-E5D4-3FC8-A1C5-19901C700F6E}
		{1E69280A-175A-3628-95DD-0DA128776C17} = {1E69280A-175A-3628-95DD-0DA128776C17}
		{2A3DE230-D1BB-3C62-ADF2-BE861CB0897D} = {2A3DE230-D1BB-3C62-ADF2-BE861CB0897D}
		{8E61B3FD-8EBD-3C57-AC23-96BE773EC76E} = {8E61B3FD-8EBD-3C57-AC23-96BE773EC76E}
		{1ED114D0-313B-3579-95E3-894D646B9BD0} = {1ED114D0-313B-3579-95E3-894D646B9BD0}
		{636CC00D-5B3C-3702-827B-982A6CEEBDBC} = {636CC00D-5B3C-3702-827B-982A6CEEBDBC}
	EndProjectSection
EndProject
Project("{8BC9CEB8-8B4A-11D0-8D11-00A0C91BC942}") = "INSTALL", "INSTALL.vcxproj", "{240492D5-8D20-32CF-BFDD-4295E31C90D6}"
	ProjectSection(ProjectDependencies) = postProject
		{45237938-D342-3B5F-B317-F02761A6379E} = {45237938-D342-3B5F-B317-F02761A6379E}
		{E3CBB6C8-7879-38D9-8422-367FF67A823B} = {E3CBB6C8-7879-38D9-8422-367FF67A823B}
	EndProjectSection
EndProject
Project("{8BC9CEB8-8B4A-11D0-8D11-00A0C91BC942}") = "PACKAGE", "PACKAGE.vcxproj", "{AADF3D63-00B0-36EC-B04C-B2FE0794C223}"
	ProjectSection(ProjectDependencies) = postProject
		{45237938-D342-3B5F-B317-F02761A6379E} = {45237938-D342-3B5F-B317-F02761A6379E}
		{E3CBB6C8-7879-38D9-8422-367FF67A823B} = {E3CBB6C8-7879-38D9-8422-367FF67A823B}
	EndProjectSection
EndProject
Project("{8BC9CEB8-8B4A-11D0-8D11-00A0C91BC942}") = "ZERO_CHECK", "..\..\\ZERO_CHECK.vcxproj", "{E3CBB6C8-7879-38D9-8422-367FF67A823B}"
	ProjectSection(ProjectDependencies) = postProject
	EndProjectSection
EndProject
Project("{8BC9CEB8-8B4A-11D0-8D11-00A0C91BC942}") = "sfml-audio", "src\SFML\Audio\sfml-audio.vcxproj", "{9B431462-E5D4-3FC8-A1C5-19901C700F6E}"
	ProjectSection(ProjectDependencies) = postProject
		{E3CBB6C8-7879-38D9-8422-367FF67A823B} = {E3CBB6C8-7879-38D9-8422-367FF67A823B}
		{1ED114D0-313B-3579-95E3-894D646B9BD0} = {1ED114D0-313B-3579-95E3-894D646B9BD0}
	EndProjectSection
EndProject
Project("{8BC9CEB8-8B4A-11D0-8D11-00A0C91BC942}") = "sfml-graphics", "src\SFML\Graphics\sfml-graphics.vcxproj", "{1E69280A-175A-3628-95DD-0DA128776C17}"
	ProjectSection(ProjectDependencies) = postProject
		{E3CBB6C8-7879-38D9-8422-367FF67A823B} = {E3CBB6C8-7879-38D9-8422-367FF67A823B}
		{1ED114D0-313B-3579-95E3-894D646B9BD0} = {1ED114D0-313B-3579-95E3-894D646B9BD0}
		{636CC00D-5B3C-3702-827B-982A6CEEBDBC} = {636CC00D-5B3C-3702-827B-982A6CEEBDBC}
	EndProjectSection
EndProject
Project("{8BC9CEB8-8B4A-11D0-8D11-00A0C91BC942}") = "sfml-main", "src\SFML\Main\sfml-main.vcxproj", "{2A3DE230-D1BB-3C62-ADF2-BE861CB0897D}"
	ProjectSection(ProjectDependencies) = postProject
		{E3CBB6C8-7879-38D9-8422-367FF67A823B} = {E3CBB6C8-7879-38D9-8422-367FF67A823B}
	EndProjectSection
EndProject
Project("{8BC9CEB8-8B4A-11D0-8D11-00A0C91BC942}") = "sfml-network", "src\SFML\Network\sfml-network.vcxproj", "{8E61B3FD-8EBD-3C57-AC23-96BE773EC76E}"
	ProjectSection(ProjectDependencies) = postProject
		{E3CBB6C8-7879-38D9-8422-367FF67A823B} = {E3CBB6C8-7879-38D9-8422-367FF67A823B}
		{1ED114D0-313B-3579-95E3-894D646B9BD0} = {1ED114D0-313B-3579-95E3-894D646B9BD0}
	EndProjectSection
EndProject
Project("{8BC9CEB8-8B4A-11D0-8D11-00A0C91BC942}") = "sfml-system", "src\SFML\System\sfml-system.vcxproj", "{1ED114D0-313B-3579-95E3-894D646B9BD0}"
	ProjectSection(ProjectDependencies) = postProject
		{E3CBB6C8-7879-38D9-8422-367FF67A823B} = {E3CBB6C8-7879-38D9-8422-367FF67A823B}
	EndProjectSection
EndProject
Project("{8BC9CEB8-8B4A-11D0-8D11-00A0C91BC942}") = "sfml-window", "src\SFML\Window\sfml-window.vcxproj", "{636CC00D-5B3C-3702-827B-982A6CEEBDBC}"
	ProjectSection(ProjectDependencies) = postProject
		{E3CBB6C8-7879-38D9-8422-367FF67A823B} = {E3CBB6C8-7879-38D9-8422-367FF67A823B}
		{1ED114D0-313B-3579-95E3-894D646B9BD0} = {1ED114D0-313B-3579-95E3-894D646B9BD0}
	EndProjectSection
EndProject
Global
	GlobalSection(SolutionConfigurationPlatforms) = preSolution
		Debug|x64 = Debug|x64
		Release|x64 = Release|x64
		MinSizeRel|x64 = MinSizeRel|x64
		RelWithDebInfo|x64 = RelWithDebInfo|x64
	EndGlobalSection
	GlobalSection(ProjectConfigurationPlatforms) = postSolution
		{45237938-D342-3B5F-B317-F02761A6379E}.Debug|x64.ActiveCfg = Debug|x64
		{45237938-D342-3B5F-B317-F02761A6379E}.Debug|x64.Build.0 = Debug|x64
		{45237938-D342-3B5F-B317-F02761A6379E}.Release|x64.ActiveCfg = Release|x64
		{45237938-D342-3B5F-B317-F02761A6379E}.Release|x64.Build.0 = Release|x64
		{45237938-D342-3B5F-B317-F02761A6379E}.MinSizeRel|x64.ActiveCfg = MinSizeRel|x64
		{45237938-D342-3B5F-B317-F02761A6379E}.MinSizeRel|x64.Build.0 = MinSizeRel|x64
		{45237938-D342-3B5F-B317-F02761A6379E}.RelWithDebInfo|x64.ActiveCfg = RelWithDebInfo|x64
		{45237938-D342-3B5F-B317-F02761A6379E}.RelWithDebInfo|x64.Build.0 = RelWithDebInfo|x64
		{240492D5-8D20-32CF-BFDD-4295E31C90D6}.Debug|x64.ActiveCfg = Debug|x64
		{240492D5-8D20-32CF-BFDD-4295E31C90D6}.Release|x64.ActiveCfg = Release|x64
		{240492D5-8D20-32CF-BFDD-4295E31C90D6}.MinSizeRel|x64.ActiveCfg = MinSizeRel|x64
		{240492D5-8D20-32CF-BFDD-4295E31C90D6}.RelWithDebInfo|x64.ActiveCfg = RelWithDebInfo|x64
		{AADF3D63-00B0-36EC-B04C-B2FE0794C223}.Debug|x64.ActiveCfg = Debug|x64
		{AADF3D63-00B0-36EC-B04C-B2FE0794C223}.Release|x64.ActiveCfg = Release|x64
		{AADF3D63-00B0-36EC-B04C-B2FE0794C223}.MinSizeRel|x64.ActiveCfg = MinSizeRel|x64
		{AADF3D63-00B0-36EC-B04C-B2FE0794C223}.RelWithDebInfo|x64.ActiveCfg = RelWithDebInfo|x64
		{E3CBB6C8-7879-38D9-8422-367FF67A823B}.Debug|x64.ActiveCfg = Debug|x64
		{E3CBB6C8-7879-38D9-8422-367FF67A823B}.Debug|x64.Build.0 = Debug|x64
		{E3CBB6C8-7879-38D9-8422-367FF67A823B}.Release|x64.ActiveCfg = Release|x64
		{E3CBB6C8-7879-38D9-8422-367FF67A823B}.Release|x64.Build.0 = Release|x64
		{E3CBB6C8-7879-38D9-8422-367FF67A823B}.MinSizeRel|x64.ActiveCfg = MinSizeRel|x64
		{E3CBB6C8-7879-38D9-8422-367FF67A823B}.MinSizeRel|x64.Build.0 = MinSizeRel|x64
		{E3CBB6C8-7879-38D9-8422-367FF67A823B}.RelWithDebInfo|x64.ActiveCfg = RelWithDebInfo|x64
		{E3CBB6C8-7879-38D9-8422-367FF67A823B}.RelWithDebInfo|x64.Build.0 = RelWithDebInfo|x64
		{9B431462-E5D4-3FC8-A1C5-19901C700F6E}.Debug|x64.ActiveCfg = Debug|x64
		{9B431462-E5D4-3FC8-A1C5-19901C700F6E}.Debug|x64.Build.0 = Debug|x64
		{9B431462-E5D4-3FC8-A1C5-19901C700F6E}.Release|x64.ActiveCfg = Release|x64
		{9B431462-E5D4-3FC8-A1C5-19901C700F6E}.Release|x64.Build.0 = Release|x64
		{9B431462-E5D4-3FC8-A1C5-19901C700F6E}.MinSizeRel|x64.ActiveCfg = MinSizeRel|x64
		{9B431462-E5D4-3FC8-A1C5-19901C700F6E}.MinSizeRel|x64.Build.0 = MinSizeRel|x64
		{9B431462-E5D4-3FC8-A1C5-19901C700F6E}.RelWithDebInfo|x64.ActiveCfg = RelWithDebInfo|x64
		{9B431462-E5D4-3FC8-A1C5-19901C700F6E}.RelWithDebInfo|x64.Build.0 = RelWithDebInfo|x64
		{1E69280A-175A-3628-95DD-0DA128776C17}.Debug|x64.ActiveCfg = Debug|x64
		{1E69280A-175A-3628-95DD-0DA128776C17}.Debug|x64.Build.0 = Debug|x64
		{1E69280A-175A-3628-95DD-0DA128776C17}.Release|x64.ActiveCfg = Release|x64
		{1E69280A-175A-3628-95DD-0DA128776C17}.Release|x64.Build.0 = Release|x64
		{1E69280A-175A-3628-95DD-0DA128776C17}.MinSizeRel|x64.ActiveCfg = MinSizeRel|x64
		{1E69280A-175A-3628-95DD-0DA128776C17}.MinSizeRel|x64.Build.0 = MinSizeRel|x64
		{1E69280A-175A-3628-95DD-0DA128776C17}.RelWithDebInfo|x64.ActiveCfg = RelWithDebInfo|x64
		{1E69280A-175A-3628-95DD-0DA128776C17}.RelWithDebInfo|x64.Build.0 = RelWithDebInfo|x64
		{2A3DE230-D1BB-3C62-ADF2-BE861CB0897D}.Debug|x64.ActiveCfg = Debug|x64
		{2A3DE230-D1BB-3C62-ADF2-BE861CB0897D}.Debug|x64.Build.0 = Debug|x64
		{2A3DE230-D1BB-3C62-ADF2-BE861CB0897D}.Release|x64.ActiveCfg = Release|x64
		{2A3DE230-D1BB-3C62-ADF2-BE861CB0897D}.Release|x64.Build.0 = Release|x64
		{2A3DE230-D1BB-3C62-ADF2-BE861CB0897D}.MinSizeRel|x64.ActiveCfg = MinSizeRel|x64
		{2A3DE230-D1BB-3C62-ADF2-BE861CB0897D}.MinSizeRel|x64.Build.0 = MinSizeRel|x64
		{2A3DE230-D1BB-3C62-ADF2-BE861CB0897D}.RelWithDebInfo|x64.ActiveCfg = RelWithDebInfo|x64
		{2A3DE230-D1BB-3C62-ADF2-BE861CB0897D}.RelWithDebInfo|x64.Build.0 = RelWithDebInfo|x64
		{8E61B3FD-8EBD-3C57-AC23-96BE773EC76E}.Debug|x64.ActiveCfg = Debug|x64
		{8E61B3FD-8EBD-3C57-AC23-96BE773EC76E}.Debug|x64.Build.0 = Debug|x64
		{8E61B3FD-8EBD-3C57-AC23-96BE773EC76E}.Release|x64.ActiveCfg = Release|x64
		{8E61B3FD-8EBD-3C57-AC23-96BE773EC76E}.Release|x64.Build.0 = Release|x64
		{8E61B3FD-8EBD-3C57-AC23-96BE773EC76E}.MinSizeRel|x64.ActiveCfg = MinSizeRel|x64
		{8E61B3FD-8EBD-3C57-AC23-96BE773EC76E}.MinSizeRel|x64.Build.0 = MinSizeRel|x64
		{8E61B3FD-8EBD-3C57-AC23-96BE773EC76E}.RelWithDebInfo|x64.ActiveCfg = RelWithDebInfo|x64
		{8E61B3FD-8EBD-3C57-AC23-96BE773EC76E}.RelWithDebInfo|x64.Build.0 = RelWithDebInfo|x64
		{1ED114D0-313B-3579-95E3-894D646B9BD0}.Debug|x64.ActiveCfg = Debug|x64
		{1ED114D0-313B-3579-95E3-894D646B9BD0}.Debug|x64.Build.0 = Debug|x64
		{1ED114D0-313B-3579-95E3-894D646B9BD0}.Release|x64.ActiveCfg = Release|x64
		{1ED114D0-313B-3579-95E3-894D646B9BD0}.Release|x64.Build.0 = Release|x64
		{1ED114D0-313B-3579-95E3-894D646B9BD0}.MinSizeRel|x64.ActiveCfg = MinSizeRel|x64
		{1ED114D0-313B-3579-95E3-894D646B9BD0}.MinSizeRel|x64.Build.0 = MinSizeRel|x64
		{1ED114D0-313B-3579-95E3-894D646B9BD0}.RelWithDebInfo|x64.ActiveCfg = RelWithDebInfo|x64
		{1ED114D0-313B-3579-95E3-894D646B9BD0}.RelWithDebInfo|x64.Build.0 = RelWithDebInfo|x64
		{636CC00D-5B3C-3702-827B-982A6CEEBDBC}.Debug|x64.ActiveCfg = Debug|x64
		{636CC00D-5B3C-3702-827B-982A6CEEBDBC}.Debug|x64.Build.0 = Debug|x64
		{636CC00D-5B3C-3702-827B-982A6CEEBDBC}.Release|x64.ActiveCfg = Release|x64
		{636CC00D-5B3C-3702-827B-982A6CEEBDBC}.Release|x64.Build.0 = Release|x64
		{636CC00D-5B3C-3702-827B-982A6CEEBDBC}.MinSizeRel|x64.ActiveCfg = MinSizeRel|x64
		{636CC00D-5B3C-3702-827B-982A6CEEBDBC}.MinSizeRel|x64.Build.0 = MinSizeRel|x64
		{636CC00D-5B3C-3702-827B-982A6CEEBDBC}.RelWithDebInfo|x64.ActiveCfg = RelWithDebInfo|x64
		{636CC00D-5B3C-3702-827B-982A6CEEBDBC}.RelWithDebInfo|x64.Build.0 = RelWithDebInfo|x64
	EndGlobalSection
	GlobalSection(NestedProjects) = preSolution
		{45237938-D342-3B5F-B317-F02761A6379E} = {37B49083-DABB-3B05-B9E9-D7F7A2CFCE3E}
		{240492D5-8D20-32CF-BFDD-4295E31C90D6} = {37B49083-DABB-3B05-B9E9-D7F7A2CFCE3E}
		{AADF3D63-00B0-36EC-B04C-B2FE0794C223} = {37B49083-DABB-3B05-B9E9-D7F7A2CFCE3E}
		{E3CBB6C8-7879-38D9-8422-367FF67A823B} = {37B49083-DABB-3B05-B9E9-D7F7A2CFCE3E}
		{9B431462-E5D4-3FC8-A1C5-19901C700F6E} = {F3ADB404-4D19-34F0-97FB-2A19F96B4FA5}
		{1E69280A-175A-3628-95DD-0DA128776C17} = {F3ADB404-4D19-34F0-97FB-2A19F96B4FA5}
		{2A3DE230-D1BB-3C62-ADF2-BE861CB0897D} = {F3ADB404-4D19-34F0-97FB-2A19F96B4FA5}
		{8E61B3FD-8EBD-3C57-AC23-96BE773EC76E} = {F3ADB404-4D19-34F0-97FB-2A19F96B4FA5}
		{1ED114D0-313B-3579-95E3-894D646B9BD0} = {F3ADB404-4D19-34F0-97FB-2A19F96B4FA5}
		{636CC00D-5B3C-3702-827B-982A6CEEBDBC} = {F3ADB404-4D19-34F0-97FB-2A19F96B4FA5}
	EndGlobalSection
	GlobalSection(ExtensibilityGlobals) = postSolution
		SolutionGuid = {638BE87E-38FC-3D29-A55E-EFB6340F87CF}
	EndGlobalSection
	GlobalSection(ExtensibilityAddIns) = postSolution
	EndGlobalSection
EndGlobal
