
Microsoft Visual Studio Solution File, Format Version 12.00
# Visual Studio Version 17
Project("{2150E333-8FDC-42A3-9474-1A3956D46DE8}") = "CMake", "CMake", "{B584A7D3-A77F-3D64-BFBC-E3EDE21FBC5E}"
EndProject
Project("{2150E333-8FDC-42A3-9474-1A3956D46DE8}") = "SFML", "SFML", "{418585B1-3097-3B39-9418-B13E089134C4}"
EndProject
Project("{8BC9CEB8-8B4A-11D0-8D11-00A0C91BC942}") = "ALL_BUILD", "ALL_BUILD.vcxproj", "{8B400664-998A-3478-AB7B-960FD3D18DFA}"
	ProjectSection(ProjectDependencies) = postProject
		{454BE7B2-1A42-3C3B-B891-49759EC8E446} = {454BE7B2-1A42-3C3B-B891-49759EC8E446}
		{B20D9643-F9AD-395F-A979-AF1293784EBA} = {B20D9643-F9AD-395F-A979-AF1293784EBA}
		{B367F92C-23FC-354C-B872-F2E4FB85E896} = {B367F92C-23FC-354C-B872-F2E4FB85E896}
		{40956DA6-358C-380A-9A82-8EE3D9B11E7C} = {40956DA6-358C-380A-9A82-8EE3D9B11E7C}
		{D9E2C6BB-3BB4-33B1-8929-63C13FF08F96} = {D9E2C6BB-3BB4-33B1-8929-63C13FF08F96}
		{FA3580E4-74D8-3608-8207-5DD6C9C74678} = {FA3580E4-74D8-3608-8207-5DD6C9C74678}
		{4A140A19-C146-3AEA-9457-12F1A1881A2C} = {4A140A19-C146-3AEA-9457-12F1A1881A2C}
	EndProjectSection
EndProject
Project("{8BC9CEB8-8B4A-11D0-8D11-00A0C91BC942}") = "INSTALL", "INSTALL.vcxproj", "{B3065981-7E29-3E17-AFED-898EE15BD5BE}"
	ProjectSection(ProjectDependencies) = postProject
		{8B400664-998A-3478-AB7B-960FD3D18DFA} = {8B400664-998A-3478-AB7B-960FD3D18DFA}
		{454BE7B2-1A42-3C3B-B891-49759EC8E446} = {454BE7B2-1A42-3C3B-B891-49759EC8E446}
	EndProjectSection
EndProject
Project("{8BC9CEB8-8B4A-11D0-8D11-00A0C91BC942}") = "PACKAGE", "PACKAGE.vcxproj", "{07A01314-5177-3836-A065-83631C3C42DA}"
	ProjectSection(ProjectDependencies) = postProject
		{8B400664-998A-3478-AB7B-960FD3D18DFA} = {8B400664-998A-3478-AB7B-960FD3D18DFA}
		{454BE7B2-1A42-3C3B-B891-49759EC8E446} = {454BE7B2-1A42-3C3B-B891-49759EC8E446}
	EndProjectSection
EndProject
Project("{8BC9CEB8-8B4A-11D0-8D11-00A0C91BC942}") = "ZERO_CHECK", "..\..\\ZERO_CHECK.vcxproj", "{454BE7B2-1A42-3C3B-B891-49759EC8E446}"
	ProjectSection(ProjectDependencies) = postProject
	EndProjectSection
EndProject
Project("{8BC9CEB8-8B4A-11D0-8D11-00A0C91BC942}") = "sfml-audio", "src\SFML\Audio\sfml-audio.vcxproj", "{B20D9643-F9AD-395F-A979-AF1293784EBA}"
	ProjectSection(ProjectDependencies) = postProject
		{454BE7B2-1A42-3C3B-B891-49759EC8E446} = {454BE7B2-1A42-3C3B-B891-49759EC8E446}
		{FA3580E4-74D8-3608-8207-5DD6C9C74678} = {FA3580E4-74D8-3608-8207-5DD6C9C74678}
	EndProjectSection
EndProject
Project("{8BC9CEB8-8B4A-11D0-8D11-00A0C91BC942}") = "sfml-graphics", "src\SFML\Graphics\sfml-graphics.vcxproj", "{B367F92C-23FC-354C-B872-F2E4FB85E896}"
	ProjectSection(ProjectDependencies) = postProject
		{454BE7B2-1A42-3C3B-B891-49759EC8E446} = {454BE7B2-1A42-3C3B-B891-49759EC8E446}
		{FA3580E4-74D8-3608-8207-5DD6C9C74678} = {FA3580E4-74D8-3608-8207-5DD6C9C74678}
		{4A140A19-C146-3AEA-9457-12F1A1881A2C} = {4A140A19-C146-3AEA-9457-12F1A1881A2C}
	EndProjectSection
EndProject
Project("{8BC9CEB8-8B4A-11D0-8D11-00A0C91BC942}") = "sfml-main", "src\SFML\Main\sfml-main.vcxproj", "{40956DA6-358C-380A-9A82-8EE3D9B11E7C}"
	ProjectSection(ProjectDependencies) = postProject
		{454BE7B2-1A42-3C3B-B891-49759EC8E446} = {454BE7B2-1A42-3C3B-B891-49759EC8E446}
	EndProjectSection
EndProject
Project("{8BC9CEB8-8B4A-11D0-8D11-00A0C91BC942}") = "sfml-network", "src\SFML\Network\sfml-network.vcxproj", "{D9E2C6BB-3BB4-33B1-8929-63C13FF08F96}"
	ProjectSection(ProjectDependencies) = postProject
		{454BE7B2-1A42-3C3B-B891-49759EC8E446} = {454BE7B2-1A42-3C3B-B891-49759EC8E446}
		{FA3580E4-74D8-3608-8207-5DD6C9C74678} = {FA3580E4-74D8-3608-8207-5DD6C9C74678}
	EndProjectSection
EndProject
Project("{8BC9CEB8-8B4A-11D0-8D11-00A0C91BC942}") = "sfml-system", "src\SFML\System\sfml-system.vcxproj", "{FA3580E4-74D8-3608-8207-5DD6C9C74678}"
	ProjectSection(ProjectDependencies) = postProject
		{454BE7B2-1A42-3C3B-B891-49759EC8E446} = {454BE7B2-1A42-3C3B-B891-49759EC8E446}
	EndProjectSection
EndProject
Project("{8BC9CEB8-8B4A-11D0-8D11-00A0C91BC942}") = "sfml-window", "src\SFML\Window\sfml-window.vcxproj", "{4A140A19-C146-3AEA-9457-12F1A1881A2C}"
	ProjectSection(ProjectDependencies) = postProject
		{454BE7B2-1A42-3C3B-B891-49759EC8E446} = {454BE7B2-1A42-3C3B-B891-49759EC8E446}
		{FA3580E4-74D8-3608-8207-5DD6C9C74678} = {FA3580E4-74D8-3608-8207-5DD6C9C74678}
	EndProjectSection
EndProject
Global
	GlobalSection(SolutionConfigurationPlatforms) = preSolution
		Debug|x64 = Debug|x64
		Release|x64 = Release|x64
		MinSizeRel|x64 = MinSizeRel|x64
		RelWithDebInfo|x64 = RelWithDebInfo|x64
	EndGlobalSection
	GlobalSection(ProjectConfigurationPlatforms) = postSolution
		{8B400664-998A-3478-AB7B-960FD3D18DFA}.Debug|x64.ActiveCfg = Debug|x64
		{8B400664-998A-3478-AB7B-960FD3D18DFA}.Debug|x64.Build.0 = Debug|x64
		{8B400664-998A-3478-AB7B-960FD3D18DFA}.Release|x64.ActiveCfg = Release|x64
		{8B400664-998A-3478-AB7B-960FD3D18DFA}.Release|x64.Build.0 = Release|x64
		{8B400664-998A-3478-AB7B-960FD3D18DFA}.MinSizeRel|x64.ActiveCfg = MinSizeRel|x64
		{8B400664-998A-3478-AB7B-960FD3D18DFA}.MinSizeRel|x64.Build.0 = MinSizeRel|x64
		{8B400664-998A-3478-AB7B-960FD3D18DFA}.RelWithDebInfo|x64.ActiveCfg = RelWithDebInfo|x64
		{8B400664-998A-3478-AB7B-960FD3D18DFA}.RelWithDebInfo|x64.Build.0 = RelWithDebInfo|x64
		{B3065981-7E29-3E17-AFED-898EE15BD5BE}.Debug|x64.ActiveCfg = Debug|x64
		{B3065981-7E29-3E17-AFED-898EE15BD5BE}.Release|x64.ActiveCfg = Release|x64
		{B3065981-7E29-3E17-AFED-898EE15BD5BE}.MinSizeRel|x64.ActiveCfg = MinSizeRel|x64
		{B3065981-7E29-3E17-AFED-898EE15BD5BE}.RelWithDebInfo|x64.ActiveCfg = RelWithDebInfo|x64
		{07A01314-5177-3836-A065-83631C3C42DA}.Debug|x64.ActiveCfg = Debug|x64
		{07A01314-5177-3836-A065-83631C3C42DA}.Release|x64.ActiveCfg = Release|x64
		{07A01314-5177-3836-A065-83631C3C42DA}.MinSizeRel|x64.ActiveCfg = MinSizeRel|x64
		{07A01314-5177-3836-A065-83631C3C42DA}.RelWithDebInfo|x64.ActiveCfg = RelWithDebInfo|x64
		{454BE7B2-1A42-3C3B-B891-49759EC8E446}.Debug|x64.ActiveCfg = Debug|x64
		{454BE7B2-1A42-3C3B-B891-49759EC8E446}.Debug|x64.Build.0 = Debug|x64
		{454BE7B2-1A42-3C3B-B891-49759EC8E446}.Release|x64.ActiveCfg = Release|x64
		{454BE7B2-1A42-3C3B-B891-49759EC8E446}.Release|x64.Build.0 = Release|x64
		{454BE7B2-1A42-3C3B-B891-49759EC8E446}.MinSizeRel|x64.ActiveCfg = MinSizeRel|x64
		{454BE7B2-1A42-3C3B-B891-49759EC8E446}.MinSizeRel|x64.Build.0 = MinSizeRel|x64
		{454BE7B2-1A42-3C3B-B891-49759EC8E446}.RelWithDebInfo|x64.ActiveCfg = RelWithDebInfo|x64
		{454BE7B2-1A42-3C3B-B891-49759EC8E446}.RelWithDebInfo|x64.Build.0 = RelWithDebInfo|x64
		{B20D9643-F9AD-395F-A979-AF1293784EBA}.Debug|x64.ActiveCfg = Debug|x64
		{B20D9643-F9AD-395F-A979-AF1293784EBA}.Debug|x64.Build.0 = Debug|x64
		{B20D9643-F9AD-395F-A979-AF1293784EBA}.Release|x64.ActiveCfg = Release|x64
		{B20D9643-F9AD-395F-A979-AF1293784EBA}.Release|x64.Build.0 = Release|x64
		{B20D9643-F9AD-395F-A979-AF1293784EBA}.MinSizeRel|x64.ActiveCfg = MinSizeRel|x64
		{B20D9643-F9AD-395F-A979-AF1293784EBA}.MinSizeRel|x64.Build.0 = MinSizeRel|x64
		{B20D9643-F9AD-395F-A979-AF1293784EBA}.RelWithDebInfo|x64.ActiveCfg = RelWithDebInfo|x64
		{B20D9643-F9AD-395F-A979-AF1293784EBA}.RelWithDebInfo|x64.Build.0 = RelWithDebInfo|x64
		{B367F92C-23FC-354C-B872-F2E4FB85E896}.Debug|x64.ActiveCfg = Debug|x64
		{B367F92C-23FC-354C-B872-F2E4FB85E896}.Debug|x64.Build.0 = Debug|x64
		{B367F92C-23FC-354C-B872-F2E4FB85E896}.Release|x64.ActiveCfg = Release|x64
		{B367F92C-23FC-354C-B872-F2E4FB85E896}.Release|x64.Build.0 = Release|x64
		{B367F92C-23FC-354C-B872-F2E4FB85E896}.MinSizeRel|x64.ActiveCfg = MinSizeRel|x64
		{B367F92C-23FC-354C-B872-F2E4FB85E896}.MinSizeRel|x64.Build.0 = MinSizeRel|x64
		{B367F92C-23FC-354C-B872-F2E4FB85E896}.RelWithDebInfo|x64.ActiveCfg = RelWithDebInfo|x64
		{B367F92C-23FC-354C-B872-F2E4FB85E896}.RelWithDebInfo|x64.Build.0 = RelWithDebInfo|x64
		{40956DA6-358C-380A-9A82-8EE3D9B11E7C}.Debug|x64.ActiveCfg = Debug|x64
		{40956DA6-358C-380A-9A82-8EE3D9B11E7C}.Debug|x64.Build.0 = Debug|x64
		{40956DA6-358C-380A-9A82-8EE3D9B11E7C}.Release|x64.ActiveCfg = Release|x64
		{40956DA6-358C-380A-9A82-8EE3D9B11E7C}.Release|x64.Build.0 = Release|x64
		{40956DA6-358C-380A-9A82-8EE3D9B11E7C}.MinSizeRel|x64.ActiveCfg = MinSizeRel|x64
		{40956DA6-358C-380A-9A82-8EE3D9B11E7C}.MinSizeRel|x64.Build.0 = MinSizeRel|x64
		{40956DA6-358C-380A-9A82-8EE3D9B11E7C}.RelWithDebInfo|x64.ActiveCfg = RelWithDebInfo|x64
		{40956DA6-358C-380A-9A82-8EE3D9B11E7C}.RelWithDebInfo|x64.Build.0 = RelWithDebInfo|x64
		{D9E2C6BB-3BB4-33B1-8929-63C13FF08F96}.Debug|x64.ActiveCfg = Debug|x64
		{D9E2C6BB-3BB4-33B1-8929-63C13FF08F96}.Debug|x64.Build.0 = Debug|x64
		{D9E2C6BB-3BB4-33B1-8929-63C13FF08F96}.Release|x64.ActiveCfg = Release|x64
		{D9E2C6BB-3BB4-33B1-8929-63C13FF08F96}.Release|x64.Build.0 = Release|x64
		{D9E2C6BB-3BB4-33B1-8929-63C13FF08F96}.MinSizeRel|x64.ActiveCfg = MinSizeRel|x64
		{D9E2C6BB-3BB4-33B1-8929-63C13FF08F96}.MinSizeRel|x64.Build.0 = MinSizeRel|x64
		{D9E2C6BB-3BB4-33B1-8929-63C13FF08F96}.RelWithDebInfo|x64.ActiveCfg = RelWithDebInfo|x64
		{D9E2C6BB-3BB4-33B1-8929-63C13FF08F96}.RelWithDebInfo|x64.Build.0 = RelWithDebInfo|x64
		{FA3580E4-74D8-3608-8207-5DD6C9C74678}.Debug|x64.ActiveCfg = Debug|x64
		{FA3580E4-74D8-3608-8207-5DD6C9C74678}.Debug|x64.Build.0 = Debug|x64
		{FA3580E4-74D8-3608-8207-5DD6C9C74678}.Release|x64.ActiveCfg = Release|x64
		{FA3580E4-74D8-3608-8207-5DD6C9C74678}.Release|x64.Build.0 = Release|x64
		{FA3580E4-74D8-3608-8207-5DD6C9C74678}.MinSizeRel|x64.ActiveCfg = MinSizeRel|x64
		{FA3580E4-74D8-3608-8207-5DD6C9C74678}.MinSizeRel|x64.Build.0 = MinSizeRel|x64
		{FA3580E4-74D8-3608-8207-5DD6C9C74678}.RelWithDebInfo|x64.ActiveCfg = RelWithDebInfo|x64
		{FA3580E4-74D8-3608-8207-5DD6C9C74678}.RelWithDebInfo|x64.Build.0 = RelWithDebInfo|x64
		{4A140A19-C146-3AEA-9457-12F1A1881A2C}.Debug|x64.ActiveCfg = Debug|x64
		{4A140A19-C146-3AEA-9457-12F1A1881A2C}.Debug|x64.Build.0 = Debug|x64
		{4A140A19-C146-3AEA-9457-12F1A1881A2C}.Release|x64.ActiveCfg = Release|x64
		{4A140A19-C146-3AEA-9457-12F1A1881A2C}.Release|x64.Build.0 = Release|x64
		{4A140A19-C146-3AEA-9457-12F1A1881A2C}.MinSizeRel|x64.ActiveCfg = MinSizeRel|x64
		{4A140A19-C146-3AEA-9457-12F1A1881A2C}.MinSizeRel|x64.Build.0 = MinSizeRel|x64
		{4A140A19-C146-3AEA-9457-12F1A1881A2C}.RelWithDebInfo|x64.ActiveCfg = RelWithDebInfo|x64
		{4A140A19-C146-3AEA-9457-12F1A1881A2C}.RelWithDebInfo|x64.Build.0 = RelWithDebInfo|x64
	EndGlobalSection
	GlobalSection(NestedProjects) = preSolution
		{8B400664-998A-3478-AB7B-960FD3D18DFA} = {B584A7D3-A77F-3D64-BFBC-E3EDE21FBC5E}
		{B3065981-7E29-3E17-AFED-898EE15BD5BE} = {B584A7D3-A77F-3D64-BFBC-E3EDE21FBC5E}
		{07A01314-5177-3836-A065-83631C3C42DA} = {B584A7D3-A77F-3D64-BFBC-E3EDE21FBC5E}
		{454BE7B2-1A42-3C3B-B891-49759EC8E446} = {B584A7D3-A77F-3D64-BFBC-E3EDE21FBC5E}
		{B20D9643-F9AD-395F-A979-AF1293784EBA} = {418585B1-3097-3B39-9418-B13E089134C4}
		{B367F92C-23FC-354C-B872-F2E4FB85E896} = {418585B1-3097-3B39-9418-B13E089134C4}
		{40956DA6-358C-380A-9A82-8EE3D9B11E7C} = {418585B1-3097-3B39-9418-B13E089134C4}
		{D9E2C6BB-3BB4-33B1-8929-63C13FF08F96} = {418585B1-3097-3B39-9418-B13E089134C4}
		{FA3580E4-74D8-3608-8207-5DD6C9C74678} = {418585B1-3097-3B39-9418-B13E089134C4}
		{4A140A19-C146-3AEA-9457-12F1A1881A2C} = {418585B1-3097-3B39-9418-B13E089134C4}
	EndGlobalSection
	GlobalSection(ExtensibilityGlobals) = postSolution
		SolutionGuid = {BBF16505-43FA-3C76-B63A-BF5E3CC59B6B}
	EndGlobalSection
	GlobalSection(ExtensibilityAddIns) = postSolution
	EndGlobalSection
EndGlobal
