
Microsoft Visual Studio Solution File, Format Version 12.00
# Visual Studio Version 17
Project("{2150E333-8FDC-42A3-9474-1A3956D46DE8}") = "CMake", "CMake", "{B9A88B41-DDCA-3EA3-908B-0D2209D44E20}"
EndProject
Project("{2150E333-8FDC-42A3-9474-1A3956D46DE8}") = "SFML", "SFML", "{0C5DEB4F-1D06-38AD-B14F-E42193898A91}"
EndProject
Project("{8BC9CEB8-8B4A-11D0-8D11-00A0C91BC942}") = "ALL_BUILD", "ALL_BUILD.vcxproj", "{CEAE8E16-CC5F-3FB4-A1AA-EAA95496F068}"
	ProjectSection(ProjectDependencies) = postProject
		{427FB951-CB04-32E8-8924-00B25B33E9A8} = {427FB951-CB04-32E8-8924-00B25B33E9A8}
		{4C72CA0B-5444-38CE-B4BD-2253947924DF} = {4C72CA0B-5444-38CE-B4BD-2253947924DF}
		{80FED19A-96ED-3E84-BE8F-132502848E4E} = {80FED19A-96ED-3E84-BE8F-132502848E4E}
		{3BB99408-A644-3213-812B-0D99B6DC0DB7} = {3BB99408-A644-3213-812B-0D99B6DC0DB7}
		{0B521769-3BB9-3BE4-8E5C-F0BF7BDB95BC} = {0B521769-3BB9-3BE4-8E5C-F0BF7BDB95BC}
		{EEFF04CB-B934-3FFB-B255-2BDE5006FD29} = {EEFF04CB-B934-3FFB-B255-2BDE5006FD29}
		{F5F1254A-769E-33DA-8D3B-92071EF4A74C} = {F5F1254A-769E-33DA-8D3B-92071EF4A74C}
		{64F98A24-39DB-30EB-A160-7EF4AAE762C1} = {64F98A24-39DB-30EB-A160-7EF4AAE762C1}
		{FCBC5B56-EB5D-3794-BB56-262A2059C85D} = {FCBC5B56-EB5D-3794-BB56-262A2059C85D}
	EndProjectSection
EndProject
Project("{8BC9CEB8-8B4A-11D0-8D11-00A0C91BC942}") = "FIZHANDCHIPS", "FIZHANDCHIPS.vcxproj", "{427FB951-CB04-32E8-8924-00B25B33E9A8}"
	ProjectSection(ProjectDependencies) = postProject
		{4C72CA0B-5444-38CE-B4BD-2253947924DF} = {4C72CA0B-5444-38CE-B4BD-2253947924DF}
		{80FED19A-96ED-3E84-BE8F-132502848E4E} = {80FED19A-96ED-3E84-BE8F-132502848E4E}
		{3BB99408-A644-3213-812B-0D99B6DC0DB7} = {3BB99408-A644-3213-812B-0D99B6DC0DB7}
		{0B521769-3BB9-3BE4-8E5C-F0BF7BDB95BC} = {0B521769-3BB9-3BE4-8E5C-F0BF7BDB95BC}
		{64F98A24-39DB-30EB-A160-7EF4AAE762C1} = {64F98A24-39DB-30EB-A160-7EF4AAE762C1}
		{FCBC5B56-EB5D-3794-BB56-262A2059C85D} = {FCBC5B56-EB5D-3794-BB56-262A2059C85D}
	EndProjectSection
EndProject
Project("{8BC9CEB8-8B4A-11D0-8D11-00A0C91BC942}") = "INSTALL", "INSTALL.vcxproj", "{5D195F0B-C08D-32F3-8D43-A95B2B2F9682}"
	ProjectSection(ProjectDependencies) = postProject
		{CEAE8E16-CC5F-3FB4-A1AA-EAA95496F068} = {CEAE8E16-CC5F-3FB4-A1AA-EAA95496F068}
		{4C72CA0B-5444-38CE-B4BD-2253947924DF} = {4C72CA0B-5444-38CE-B4BD-2253947924DF}
	EndProjectSection
EndProject
Project("{8BC9CEB8-8B4A-11D0-8D11-00A0C91BC942}") = "PACKAGE", "PACKAGE.vcxproj", "{5AD7DE3E-9101-3A05-9577-60677FC5B8EC}"
	ProjectSection(ProjectDependencies) = postProject
		{CEAE8E16-CC5F-3FB4-A1AA-EAA95496F068} = {CEAE8E16-CC5F-3FB4-A1AA-EAA95496F068}
		{4C72CA0B-5444-38CE-B4BD-2253947924DF} = {4C72CA0B-5444-38CE-B4BD-2253947924DF}
	EndProjectSection
EndProject
Project("{8BC9CEB8-8B4A-11D0-8D11-00A0C91BC942}") = "ZERO_CHECK", "ZERO_CHECK.vcxproj", "{4C72CA0B-5444-38CE-B4BD-2253947924DF}"
	ProjectSection(ProjectDependencies) = postProject
	EndProjectSection
EndProject
Project("{8BC9CEB8-8B4A-11D0-8D11-00A0C91BC942}") = "copy_resources", "copy_resources.vcxproj", "{80FED19A-96ED-3E84-BE8F-132502848E4E}"
	ProjectSection(ProjectDependencies) = postProject
		{4C72CA0B-5444-38CE-B4BD-2253947924DF} = {4C72CA0B-5444-38CE-B4BD-2253947924DF}
	EndProjectSection
EndProject
Project("{8BC9CEB8-8B4A-11D0-8D11-00A0C91BC942}") = "sfml-audio", "lib\sfml\src\SFML\Audio\sfml-audio.vcxproj", "{3BB99408-A644-3213-812B-0D99B6DC0DB7}"
	ProjectSection(ProjectDependencies) = postProject
		{4C72CA0B-5444-38CE-B4BD-2253947924DF} = {4C72CA0B-5444-38CE-B4BD-2253947924DF}
		{64F98A24-39DB-30EB-A160-7EF4AAE762C1} = {64F98A24-39DB-30EB-A160-7EF4AAE762C1}
	EndProjectSection
EndProject
Project("{8BC9CEB8-8B4A-11D0-8D11-00A0C91BC942}") = "sfml-graphics", "lib\sfml\src\SFML\Graphics\sfml-graphics.vcxproj", "{0B521769-3BB9-3BE4-8E5C-F0BF7BDB95BC}"
	ProjectSection(ProjectDependencies) = postProject
		{4C72CA0B-5444-38CE-B4BD-2253947924DF} = {4C72CA0B-5444-38CE-B4BD-2253947924DF}
		{64F98A24-39DB-30EB-A160-7EF4AAE762C1} = {64F98A24-39DB-30EB-A160-7EF4AAE762C1}
		{FCBC5B56-EB5D-3794-BB56-262A2059C85D} = {FCBC5B56-EB5D-3794-BB56-262A2059C85D}
	EndProjectSection
EndProject
Project("{8BC9CEB8-8B4A-11D0-8D11-00A0C91BC942}") = "sfml-main", "lib\sfml\src\SFML\Main\sfml-main.vcxproj", "{EEFF04CB-B934-3FFB-B255-2BDE5006FD29}"
	ProjectSection(ProjectDependencies) = postProject
		{4C72CA0B-5444-38CE-B4BD-2253947924DF} = {4C72CA0B-5444-38CE-B4BD-2253947924DF}
	EndProjectSection
EndProject
Project("{8BC9CEB8-8B4A-11D0-8D11-00A0C91BC942}") = "sfml-network", "lib\sfml\src\SFML\Network\sfml-network.vcxproj", "{F5F1254A-769E-33DA-8D3B-92071EF4A74C}"
	ProjectSection(ProjectDependencies) = postProject
		{4C72CA0B-5444-38CE-B4BD-2253947924DF} = {4C72CA0B-5444-38CE-B4BD-2253947924DF}
		{64F98A24-39DB-30EB-A160-7EF4AAE762C1} = {64F98A24-39DB-30EB-A160-7EF4AAE762C1}
	EndProjectSection
EndProject
Project("{8BC9CEB8-8B4A-11D0-8D11-00A0C91BC942}") = "sfml-system", "lib\sfml\src\SFML\System\sfml-system.vcxproj", "{64F98A24-39DB-30EB-A160-7EF4AAE762C1}"
	ProjectSection(ProjectDependencies) = postProject
		{4C72CA0B-5444-38CE-B4BD-2253947924DF} = {4C72CA0B-5444-38CE-B4BD-2253947924DF}
	EndProjectSection
EndProject
Project("{8BC9CEB8-8B4A-11D0-8D11-00A0C91BC942}") = "sfml-window", "lib\sfml\src\SFML\Window\sfml-window.vcxproj", "{FCBC5B56-EB5D-3794-BB56-262A2059C85D}"
	ProjectSection(ProjectDependencies) = postProject
		{4C72CA0B-5444-38CE-B4BD-2253947924DF} = {4C72CA0B-5444-38CE-B4BD-2253947924DF}
		{64F98A24-39DB-30EB-A160-7EF4AAE762C1} = {64F98A24-39DB-30EB-A160-7EF4AAE762C1}
	EndProjectSection
EndProject
Global
	GlobalSection(SolutionConfigurationPlatforms) = preSolution
		Debug|x64 = Debug|x64
		Release|x64 = Release|x64
		MinSizeRel|x64 = MinSizeRel|x64
		RelWithDebInfo|x64 = RelWithDebInfo|x64
	EndGlobalSection
	GlobalSection(ProjectConfigurationPlatforms) = postSolution
		{CEAE8E16-CC5F-3FB4-A1AA-EAA95496F068}.Debug|x64.ActiveCfg = Debug|x64
		{CEAE8E16-CC5F-3FB4-A1AA-EAA95496F068}.Debug|x64.Build.0 = Debug|x64
		{CEAE8E16-CC5F-3FB4-A1AA-EAA95496F068}.Release|x64.ActiveCfg = Release|x64
		{CEAE8E16-CC5F-3FB4-A1AA-EAA95496F068}.Release|x64.Build.0 = Release|x64
		{CEAE8E16-CC5F-3FB4-A1AA-EAA95496F068}.MinSizeRel|x64.ActiveCfg = MinSizeRel|x64
		{CEAE8E16-CC5F-3FB4-A1AA-EAA95496F068}.MinSizeRel|x64.Build.0 = MinSizeRel|x64
		{CEAE8E16-CC5F-3FB4-A1AA-EAA95496F068}.RelWithDebInfo|x64.ActiveCfg = RelWithDebInfo|x64
		{CEAE8E16-CC5F-3FB4-A1AA-EAA95496F068}.RelWithDebInfo|x64.Build.0 = RelWithDebInfo|x64
		{427FB951-CB04-32E8-8924-00B25B33E9A8}.Debug|x64.ActiveCfg = Debug|x64
		{427FB951-CB04-32E8-8924-00B25B33E9A8}.Debug|x64.Build.0 = Debug|x64
		{427FB951-CB04-32E8-8924-00B25B33E9A8}.Release|x64.ActiveCfg = Release|x64
		{427FB951-CB04-32E8-8924-00B25B33E9A8}.Release|x64.Build.0 = Release|x64
		{427FB951-CB04-32E8-8924-00B25B33E9A8}.MinSizeRel|x64.ActiveCfg = MinSizeRel|x64
		{427FB951-CB04-32E8-8924-00B25B33E9A8}.MinSizeRel|x64.Build.0 = MinSizeRel|x64
		{427FB951-CB04-32E8-8924-00B25B33E9A8}.RelWithDebInfo|x64.ActiveCfg = RelWithDebInfo|x64
		{427FB951-CB04-32E8-8924-00B25B33E9A8}.RelWithDebInfo|x64.Build.0 = RelWithDebInfo|x64
		{5D195F0B-C08D-32F3-8D43-A95B2B2F9682}.Debug|x64.ActiveCfg = Debug|x64
		{5D195F0B-C08D-32F3-8D43-A95B2B2F9682}.Release|x64.ActiveCfg = Release|x64
		{5D195F0B-C08D-32F3-8D43-A95B2B2F9682}.MinSizeRel|x64.ActiveCfg = MinSizeRel|x64
		{5D195F0B-C08D-32F3-8D43-A95B2B2F9682}.RelWithDebInfo|x64.ActiveCfg = RelWithDebInfo|x64
		{5AD7DE3E-9101-3A05-9577-60677FC5B8EC}.Debug|x64.ActiveCfg = Debug|x64
		{5AD7DE3E-9101-3A05-9577-60677FC5B8EC}.Release|x64.ActiveCfg = Release|x64
		{5AD7DE3E-9101-3A05-9577-60677FC5B8EC}.MinSizeRel|x64.ActiveCfg = MinSizeRel|x64
		{5AD7DE3E-9101-3A05-9577-60677FC5B8EC}.RelWithDebInfo|x64.ActiveCfg = RelWithDebInfo|x64
		{4C72CA0B-5444-38CE-B4BD-2253947924DF}.Debug|x64.ActiveCfg = Debug|x64
		{4C72CA0B-5444-38CE-B4BD-2253947924DF}.Debug|x64.Build.0 = Debug|x64
		{4C72CA0B-5444-38CE-B4BD-2253947924DF}.Release|x64.ActiveCfg = Release|x64
		{4C72CA0B-5444-38CE-B4BD-2253947924DF}.Release|x64.Build.0 = Release|x64
		{4C72CA0B-5444-38CE-B4BD-2253947924DF}.MinSizeRel|x64.ActiveCfg = MinSizeRel|x64
		{4C72CA0B-5444-38CE-B4BD-2253947924DF}.MinSizeRel|x64.Build.0 = MinSizeRel|x64
		{4C72CA0B-5444-38CE-B4BD-2253947924DF}.RelWithDebInfo|x64.ActiveCfg = RelWithDebInfo|x64
		{4C72CA0B-5444-38CE-B4BD-2253947924DF}.RelWithDebInfo|x64.Build.0 = RelWithDebInfo|x64
		{80FED19A-96ED-3E84-BE8F-132502848E4E}.Debug|x64.ActiveCfg = Debug|x64
		{80FED19A-96ED-3E84-BE8F-132502848E4E}.Debug|x64.Build.0 = Debug|x64
		{80FED19A-96ED-3E84-BE8F-132502848E4E}.Release|x64.ActiveCfg = Release|x64
		{80FED19A-96ED-3E84-BE8F-132502848E4E}.Release|x64.Build.0 = Release|x64
		{80FED19A-96ED-3E84-BE8F-132502848E4E}.MinSizeRel|x64.ActiveCfg = MinSizeRel|x64
		{80FED19A-96ED-3E84-BE8F-132502848E4E}.MinSizeRel|x64.Build.0 = MinSizeRel|x64
		{80FED19A-96ED-3E84-BE8F-132502848E4E}.RelWithDebInfo|x64.ActiveCfg = RelWithDebInfo|x64
		{80FED19A-96ED-3E84-BE8F-132502848E4E}.RelWithDebInfo|x64.Build.0 = RelWithDebInfo|x64
		{3BB99408-A644-3213-812B-0D99B6DC0DB7}.Debug|x64.ActiveCfg = Debug|x64
		{3BB99408-A644-3213-812B-0D99B6DC0DB7}.Debug|x64.Build.0 = Debug|x64
		{3BB99408-A644-3213-812B-0D99B6DC0DB7}.Release|x64.ActiveCfg = Release|x64
		{3BB99408-A644-3213-812B-0D99B6DC0DB7}.Release|x64.Build.0 = Release|x64
		{3BB99408-A644-3213-812B-0D99B6DC0DB7}.MinSizeRel|x64.ActiveCfg = MinSizeRel|x64
		{3BB99408-A644-3213-812B-0D99B6DC0DB7}.MinSizeRel|x64.Build.0 = MinSizeRel|x64
		{3BB99408-A644-3213-812B-0D99B6DC0DB7}.RelWithDebInfo|x64.ActiveCfg = RelWithDebInfo|x64
		{3BB99408-A644-3213-812B-0D99B6DC0DB7}.RelWithDebInfo|x64.Build.0 = RelWithDebInfo|x64
		{0B521769-3BB9-3BE4-8E5C-F0BF7BDB95BC}.Debug|x64.ActiveCfg = Debug|x64
		{0B521769-3BB9-3BE4-8E5C-F0BF7BDB95BC}.Debug|x64.Build.0 = Debug|x64
		{0B521769-3BB9-3BE4-8E5C-F0BF7BDB95BC}.Release|x64.ActiveCfg = Release|x64
		{0B521769-3BB9-3BE4-8E5C-F0BF7BDB95BC}.Release|x64.Build.0 = Release|x64
		{0B521769-3BB9-3BE4-8E5C-F0BF7BDB95BC}.MinSizeRel|x64.ActiveCfg = MinSizeRel|x64
		{0B521769-3BB9-3BE4-8E5C-F0BF7BDB95BC}.MinSizeRel|x64.Build.0 = MinSizeRel|x64
		{0B521769-3BB9-3BE4-8E5C-F0BF7BDB95BC}.RelWithDebInfo|x64.ActiveCfg = RelWithDebInfo|x64
		{0B521769-3BB9-3BE4-8E5C-F0BF7BDB95BC}.RelWithDebInfo|x64.Build.0 = RelWithDebInfo|x64
		{EEFF04CB-B934-3FFB-B255-2BDE5006FD29}.Debug|x64.ActiveCfg = Debug|x64
		{EEFF04CB-B934-3FFB-B255-2BDE5006FD29}.Debug|x64.Build.0 = Debug|x64
		{EEFF04CB-B934-3FFB-B255-2BDE5006FD29}.Release|x64.ActiveCfg = Release|x64
		{EEFF04CB-B934-3FFB-B255-2BDE5006FD29}.Release|x64.Build.0 = Release|x64
		{EEFF04CB-B934-3FFB-B255-2BDE5006FD29}.MinSizeRel|x64.ActiveCfg = MinSizeRel|x64
		{EEFF04CB-B934-3FFB-B255-2BDE5006FD29}.MinSizeRel|x64.Build.0 = MinSizeRel|x64
		{EEFF04CB-B934-3FFB-B255-2BDE5006FD29}.RelWithDebInfo|x64.ActiveCfg = RelWithDebInfo|x64
		{EEFF04CB-B934-3FFB-B255-2BDE5006FD29}.RelWithDebInfo|x64.Build.0 = RelWithDebInfo|x64
		{F5F1254A-769E-33DA-8D3B-92071EF4A74C}.Debug|x64.ActiveCfg = Debug|x64
		{F5F1254A-769E-33DA-8D3B-92071EF4A74C}.Debug|x64.Build.0 = Debug|x64
		{F5F1254A-769E-33DA-8D3B-92071EF4A74C}.Release|x64.ActiveCfg = Release|x64
		{F5F1254A-769E-33DA-8D3B-92071EF4A74C}.Release|x64.Build.0 = Release|x64
		{F5F1254A-769E-33DA-8D3B-92071EF4A74C}.MinSizeRel|x64.ActiveCfg = MinSizeRel|x64
		{F5F1254A-769E-33DA-8D3B-92071EF4A74C}.MinSizeRel|x64.Build.0 = MinSizeRel|x64
		{F5F1254A-769E-33DA-8D3B-92071EF4A74C}.RelWithDebInfo|x64.ActiveCfg = RelWithDebInfo|x64
		{F5F1254A-769E-33DA-8D3B-92071EF4A74C}.RelWithDebInfo|x64.Build.0 = RelWithDebInfo|x64
		{64F98A24-39DB-30EB-A160-7EF4AAE762C1}.Debug|x64.ActiveCfg = Debug|x64
		{64F98A24-39DB-30EB-A160-7EF4AAE762C1}.Debug|x64.Build.0 = Debug|x64
		{64F98A24-39DB-30EB-A160-7EF4AAE762C1}.Release|x64.ActiveCfg = Release|x64
		{64F98A24-39DB-30EB-A160-7EF4AAE762C1}.Release|x64.Build.0 = Release|x64
		{64F98A24-39DB-30EB-A160-7EF4AAE762C1}.MinSizeRel|x64.ActiveCfg = MinSizeRel|x64
		{64F98A24-39DB-30EB-A160-7EF4AAE762C1}.MinSizeRel|x64.Build.0 = MinSizeRel|x64
		{64F98A24-39DB-30EB-A160-7EF4AAE762C1}.RelWithDebInfo|x64.ActiveCfg = RelWithDebInfo|x64
		{64F98A24-39DB-30EB-A160-7EF4AAE762C1}.RelWithDebInfo|x64.Build.0 = RelWithDebInfo|x64
		{FCBC5B56-EB5D-3794-BB56-262A2059C85D}.Debug|x64.ActiveCfg = Debug|x64
		{FCBC5B56-EB5D-3794-BB56-262A2059C85D}.Debug|x64.Build.0 = Debug|x64
		{FCBC5B56-EB5D-3794-BB56-262A2059C85D}.Release|x64.ActiveCfg = Release|x64
		{FCBC5B56-EB5D-3794-BB56-262A2059C85D}.Release|x64.Build.0 = Release|x64
		{FCBC5B56-EB5D-3794-BB56-262A2059C85D}.MinSizeRel|x64.ActiveCfg = MinSizeRel|x64
		{FCBC5B56-EB5D-3794-BB56-262A2059C85D}.MinSizeRel|x64.Build.0 = MinSizeRel|x64
		{FCBC5B56-EB5D-3794-BB56-262A2059C85D}.RelWithDebInfo|x64.ActiveCfg = RelWithDebInfo|x64
		{FCBC5B56-EB5D-3794-BB56-262A2059C85D}.RelWithDebInfo|x64.Build.0 = RelWithDebInfo|x64
	EndGlobalSection
	GlobalSection(NestedProjects) = preSolution
		{CEAE8E16-CC5F-3FB4-A1AA-EAA95496F068} = {B9A88B41-DDCA-3EA3-908B-0D2209D44E20}
		{5D195F0B-C08D-32F3-8D43-A95B2B2F9682} = {B9A88B41-DDCA-3EA3-908B-0D2209D44E20}
		{5AD7DE3E-9101-3A05-9577-60677FC5B8EC} = {B9A88B41-DDCA-3EA3-908B-0D2209D44E20}
		{4C72CA0B-5444-38CE-B4BD-2253947924DF} = {B9A88B41-DDCA-3EA3-908B-0D2209D44E20}
		{3BB99408-A644-3213-812B-0D99B6DC0DB7} = {0C5DEB4F-1D06-38AD-B14F-E42193898A91}
		{0B521769-3BB9-3BE4-8E5C-F0BF7BDB95BC} = {0C5DEB4F-1D06-38AD-B14F-E42193898A91}
		{EEFF04CB-B934-3FFB-B255-2BDE5006FD29} = {0C5DEB4F-1D06-38AD-B14F-E42193898A91}
		{F5F1254A-769E-33DA-8D3B-92071EF4A74C} = {0C5DEB4F-1D06-38AD-B14F-E42193898A91}
		{64F98A24-39DB-30EB-A160-7EF4AAE762C1} = {0C5DEB4F-1D06-38AD-B14F-E42193898A91}
		{FCBC5B56-EB5D-3794-BB56-262A2059C85D} = {0C5DEB4F-1D06-38AD-B14F-E42193898A91}
	EndGlobalSection
	GlobalSection(ExtensibilityGlobals) = postSolution
		SolutionGuid = {D980C2EE-6CE9-3833-819A-1A8122FD967D}
	EndGlobalSection
	GlobalSection(ExtensibilityAddIns) = postSolution
	EndGlobalSection
EndGlobal
