
Microsoft Visual Studio Solution File, Format Version 12.00
# Visual Studio Version 17
Project("{2150E333-8FDC-42A3-9474-1A3956D46DE8}") = "CMake", "CMake", "{417E5BFB-0938-3F5C-BE78-BA10B670137F}"
EndProject
Project("{2150E333-8FDC-42A3-9474-1A3956D46DE8}") = "SFML", "SFML", "{250F0145-3541-3D63-9047-6D3F16BAEC5D}"
EndProject
Project("{8BC9CEB8-8B4A-11D0-8D11-00A0C91BC942}") = "ALL_BUILD", "ALL_BUILD.vcxproj", "{404FB05D-A21E-3E73-8CE9-38593F582A1E}"
	ProjectSection(ProjectDependencies) = postProject
		{EE1CE3A9-C14F-3943-B0D1-AA3085C6FA35} = {EE1CE3A9-C14F-3943-B0D1-AA3085C6FA35}
		{2E42D8FD-8508-3445-81CD-E1B200D13171} = {2E42D8FD-8508-3445-81CD-E1B200D13171}
		{E9C663B6-CEF5-3F1E-A027-9D4263108DB8} = {E9C663B6-CEF5-3F1E-A027-9D4263108DB8}
		{969A6443-E4D6-3166-8443-22AD66758124} = {969A6443-E4D6-3166-8443-22AD66758124}
		{879BC9C6-0E6A-3398-848B-E12E8029DAC5} = {879BC9C6-0E6A-3398-848B-E12E8029DAC5}
		{CACF4972-CCBA-3444-9D98-100029F50B0F} = {CACF4972-CCBA-3444-9D98-100029F50B0F}
		{0BC07ACA-6C57-3548-9F77-F23FC04BB413} = {0BC07ACA-6C57-3548-9F77-F23FC04BB413}
		{FFC221F3-1782-34DC-9BDD-C8075DCA2187} = {FFC221F3-1782-34DC-9BDD-C8075DCA2187}
		{37A1F9AD-5E96-359E-A029-DCC9B3DFC740} = {37A1F9AD-5E96-359E-A029-DCC9B3DFC740}
	EndProjectSection
EndProject
Project("{8BC9CEB8-8B4A-11D0-8D11-00A0C91BC942}") = "FIZHANDCHIPS", "FIZHANDCHIPS.vcxproj", "{EE1CE3A9-C14F-3943-B0D1-AA3085C6FA35}"
	ProjectSection(ProjectDependencies) = postProject
		{2E42D8FD-8508-3445-81CD-E1B200D13171} = {2E42D8FD-8508-3445-81CD-E1B200D13171}
		{E9C663B6-CEF5-3F1E-A027-9D4263108DB8} = {E9C663B6-CEF5-3F1E-A027-9D4263108DB8}
		{879BC9C6-0E6A-3398-848B-E12E8029DAC5} = {879BC9C6-0E6A-3398-848B-E12E8029DAC5}
		{FFC221F3-1782-34DC-9BDD-C8075DCA2187} = {FFC221F3-1782-34DC-9BDD-C8075DCA2187}
		{37A1F9AD-5E96-359E-A029-DCC9B3DFC740} = {37A1F9AD-5E96-359E-A029-DCC9B3DFC740}
	EndProjectSection
EndProject
Project("{8BC9CEB8-8B4A-11D0-8D11-00A0C91BC942}") = "INSTALL", "INSTALL.vcxproj", "{A015043D-3EAF-346F-BC7E-162F9F7E6EBA}"
	ProjectSection(ProjectDependencies) = postProject
		{404FB05D-A21E-3E73-8CE9-38593F582A1E} = {404FB05D-A21E-3E73-8CE9-38593F582A1E}
		{2E42D8FD-8508-3445-81CD-E1B200D13171} = {2E42D8FD-8508-3445-81CD-E1B200D13171}
	EndProjectSection
EndProject
Project("{8BC9CEB8-8B4A-11D0-8D11-00A0C91BC942}") = "PACKAGE", "PACKAGE.vcxproj", "{11C2FB28-1DC0-37FA-B4A2-DC789E3403C7}"
	ProjectSection(ProjectDependencies) = postProject
		{404FB05D-A21E-3E73-8CE9-38593F582A1E} = {404FB05D-A21E-3E73-8CE9-38593F582A1E}
		{2E42D8FD-8508-3445-81CD-E1B200D13171} = {2E42D8FD-8508-3445-81CD-E1B200D13171}
	EndProjectSection
EndProject
Project("{8BC9CEB8-8B4A-11D0-8D11-00A0C91BC942}") = "ZERO_CHECK", "ZERO_CHECK.vcxproj", "{2E42D8FD-8508-3445-81CD-E1B200D13171}"
	ProjectSection(ProjectDependencies) = postProject
	EndProjectSection
EndProject
Project("{8BC9CEB8-8B4A-11D0-8D11-00A0C91BC942}") = "copy_resources", "copy_resources.vcxproj", "{E9C663B6-CEF5-3F1E-A027-9D4263108DB8}"
	ProjectSection(ProjectDependencies) = postProject
		{2E42D8FD-8508-3445-81CD-E1B200D13171} = {2E42D8FD-8508-3445-81CD-E1B200D13171}
	EndProjectSection
EndProject
Project("{8BC9CEB8-8B4A-11D0-8D11-00A0C91BC942}") = "sfml-audio", "lib\sfml\src\SFML\Audio\sfml-audio.vcxproj", "{969A6443-E4D6-3166-8443-22AD66758124}"
	ProjectSection(ProjectDependencies) = postProject
		{2E42D8FD-8508-3445-81CD-E1B200D13171} = {2E42D8FD-8508-3445-81CD-E1B200D13171}
		{FFC221F3-1782-34DC-9BDD-C8075DCA2187} = {FFC221F3-1782-34DC-9BDD-C8075DCA2187}
	EndProjectSection
EndProject
Project("{8BC9CEB8-8B4A-11D0-8D11-00A0C91BC942}") = "sfml-graphics", "lib\sfml\src\SFML\Graphics\sfml-graphics.vcxproj", "{879BC9C6-0E6A-3398-848B-E12E8029DAC5}"
	ProjectSection(ProjectDependencies) = postProject
		{2E42D8FD-8508-3445-81CD-E1B200D13171} = {2E42D8FD-8508-3445-81CD-E1B200D13171}
		{FFC221F3-1782-34DC-9BDD-C8075DCA2187} = {FFC221F3-1782-34DC-9BDD-C8075DCA2187}
		{37A1F9AD-5E96-359E-A029-DCC9B3DFC740} = {37A1F9AD-5E96-359E-A029-DCC9B3DFC740}
	EndProjectSection
EndProject
Project("{8BC9CEB8-8B4A-11D0-8D11-00A0C91BC942}") = "sfml-main", "lib\sfml\src\SFML\Main\sfml-main.vcxproj", "{CACF4972-CCBA-3444-9D98-100029F50B0F}"
	ProjectSection(ProjectDependencies) = postProject
		{2E42D8FD-8508-3445-81CD-E1B200D13171} = {2E42D8FD-8508-3445-81CD-E1B200D13171}
	EndProjectSection
EndProject
Project("{8BC9CEB8-8B4A-11D0-8D11-00A0C91BC942}") = "sfml-network", "lib\sfml\src\SFML\Network\sfml-network.vcxproj", "{0BC07ACA-6C57-3548-9F77-F23FC04BB413}"
	ProjectSection(ProjectDependencies) = postProject
		{2E42D8FD-8508-3445-81CD-E1B200D13171} = {2E42D8FD-8508-3445-81CD-E1B200D13171}
		{FFC221F3-1782-34DC-9BDD-C8075DCA2187} = {FFC221F3-1782-34DC-9BDD-C8075DCA2187}
	EndProjectSection
EndProject
Project("{8BC9CEB8-8B4A-11D0-8D11-00A0C91BC942}") = "sfml-system", "lib\sfml\src\SFML\System\sfml-system.vcxproj", "{FFC221F3-1782-34DC-9BDD-C8075DCA2187}"
	ProjectSection(ProjectDependencies) = postProject
		{2E42D8FD-8508-3445-81CD-E1B200D13171} = {2E42D8FD-8508-3445-81CD-E1B200D13171}
	EndProjectSection
EndProject
Project("{8BC9CEB8-8B4A-11D0-8D11-00A0C91BC942}") = "sfml-window", "lib\sfml\src\SFML\Window\sfml-window.vcxproj", "{37A1F9AD-5E96-359E-A029-DCC9B3DFC740}"
	ProjectSection(ProjectDependencies) = postProject
		{2E42D8FD-8508-3445-81CD-E1B200D13171} = {2E42D8FD-8508-3445-81CD-E1B200D13171}
		{FFC221F3-1782-34DC-9BDD-C8075DCA2187} = {FFC221F3-1782-34DC-9BDD-C8075DCA2187}
	EndProjectSection
EndProject
Global
	GlobalSection(SolutionConfigurationPlatforms) = preSolution
		Debug|x64 = Debug|x64
		Release|x64 = Release|x64
		MinSizeRel|x64 = MinSizeRel|x64
		RelWithDebInfo|x64 = RelWithDebInfo|x64
	EndGlobalSection
	GlobalSection(ProjectConfigurationPlatforms) = postSolution
		{404FB05D-A21E-3E73-8CE9-38593F582A1E}.Debug|x64.ActiveCfg = Debug|x64
		{404FB05D-A21E-3E73-8CE9-38593F582A1E}.Debug|x64.Build.0 = Debug|x64
		{404FB05D-A21E-3E73-8CE9-38593F582A1E}.Release|x64.ActiveCfg = Release|x64
		{404FB05D-A21E-3E73-8CE9-38593F582A1E}.Release|x64.Build.0 = Release|x64
		{404FB05D-A21E-3E73-8CE9-38593F582A1E}.MinSizeRel|x64.ActiveCfg = MinSizeRel|x64
		{404FB05D-A21E-3E73-8CE9-38593F582A1E}.MinSizeRel|x64.Build.0 = MinSizeRel|x64
		{404FB05D-A21E-3E73-8CE9-38593F582A1E}.RelWithDebInfo|x64.ActiveCfg = RelWithDebInfo|x64
		{404FB05D-A21E-3E73-8CE9-38593F582A1E}.RelWithDebInfo|x64.Build.0 = RelWithDebInfo|x64
		{EE1CE3A9-C14F-3943-B0D1-AA3085C6FA35}.Debug|x64.ActiveCfg = Debug|x64
		{EE1CE3A9-C14F-3943-B0D1-AA3085C6FA35}.Debug|x64.Build.0 = Debug|x64
		{EE1CE3A9-C14F-3943-B0D1-AA3085C6FA35}.Release|x64.ActiveCfg = Release|x64
		{EE1CE3A9-C14F-3943-B0D1-AA3085C6FA35}.Release|x64.Build.0 = Release|x64
		{EE1CE3A9-C14F-3943-B0D1-AA3085C6FA35}.MinSizeRel|x64.ActiveCfg = MinSizeRel|x64
		{EE1CE3A9-C14F-3943-B0D1-AA3085C6FA35}.MinSizeRel|x64.Build.0 = MinSizeRel|x64
		{EE1CE3A9-C14F-3943-B0D1-AA3085C6FA35}.RelWithDebInfo|x64.ActiveCfg = RelWithDebInfo|x64
		{EE1CE3A9-C14F-3943-B0D1-AA3085C6FA35}.RelWithDebInfo|x64.Build.0 = RelWithDebInfo|x64
		{A015043D-3EAF-346F-BC7E-162F9F7E6EBA}.Debug|x64.ActiveCfg = Debug|x64
		{A015043D-3EAF-346F-BC7E-162F9F7E6EBA}.Release|x64.ActiveCfg = Release|x64
		{A015043D-3EAF-346F-BC7E-162F9F7E6EBA}.MinSizeRel|x64.ActiveCfg = MinSizeRel|x64
		{A015043D-3EAF-346F-BC7E-162F9F7E6EBA}.RelWithDebInfo|x64.ActiveCfg = RelWithDebInfo|x64
		{11C2FB28-1DC0-37FA-B4A2-DC789E3403C7}.Debug|x64.ActiveCfg = Debug|x64
		{11C2FB28-1DC0-37FA-B4A2-DC789E3403C7}.Release|x64.ActiveCfg = Release|x64
		{11C2FB28-1DC0-37FA-B4A2-DC789E3403C7}.MinSizeRel|x64.ActiveCfg = MinSizeRel|x64
		{11C2FB28-1DC0-37FA-B4A2-DC789E3403C7}.RelWithDebInfo|x64.ActiveCfg = RelWithDebInfo|x64
		{2E42D8FD-8508-3445-81CD-E1B200D13171}.Debug|x64.ActiveCfg = Debug|x64
		{2E42D8FD-8508-3445-81CD-E1B200D13171}.Debug|x64.Build.0 = Debug|x64
		{2E42D8FD-8508-3445-81CD-E1B200D13171}.Release|x64.ActiveCfg = Release|x64
		{2E42D8FD-8508-3445-81CD-E1B200D13171}.Release|x64.Build.0 = Release|x64
		{2E42D8FD-8508-3445-81CD-E1B200D13171}.MinSizeRel|x64.ActiveCfg = MinSizeRel|x64
		{2E42D8FD-8508-3445-81CD-E1B200D13171}.MinSizeRel|x64.Build.0 = MinSizeRel|x64
		{2E42D8FD-8508-3445-81CD-E1B200D13171}.RelWithDebInfo|x64.ActiveCfg = RelWithDebInfo|x64
		{2E42D8FD-8508-3445-81CD-E1B200D13171}.RelWithDebInfo|x64.Build.0 = RelWithDebInfo|x64
		{E9C663B6-CEF5-3F1E-A027-9D4263108DB8}.Debug|x64.ActiveCfg = Debug|x64
		{E9C663B6-CEF5-3F1E-A027-9D4263108DB8}.Debug|x64.Build.0 = Debug|x64
		{E9C663B6-CEF5-3F1E-A027-9D4263108DB8}.Release|x64.ActiveCfg = Release|x64
		{E9C663B6-CEF5-3F1E-A027-9D4263108DB8}.Release|x64.Build.0 = Release|x64
		{E9C663B6-CEF5-3F1E-A027-9D4263108DB8}.MinSizeRel|x64.ActiveCfg = MinSizeRel|x64
		{E9C663B6-CEF5-3F1E-A027-9D4263108DB8}.MinSizeRel|x64.Build.0 = MinSizeRel|x64
		{E9C663B6-CEF5-3F1E-A027-9D4263108DB8}.RelWithDebInfo|x64.ActiveCfg = RelWithDebInfo|x64
		{E9C663B6-CEF5-3F1E-A027-9D4263108DB8}.RelWithDebInfo|x64.Build.0 = RelWithDebInfo|x64
		{969A6443-E4D6-3166-8443-22AD66758124}.Debug|x64.ActiveCfg = Debug|x64
		{969A6443-E4D6-3166-8443-22AD66758124}.Debug|x64.Build.0 = Debug|x64
		{969A6443-E4D6-3166-8443-22AD66758124}.Release|x64.ActiveCfg = Release|x64
		{969A6443-E4D6-3166-8443-22AD66758124}.Release|x64.Build.0 = Release|x64
		{969A6443-E4D6-3166-8443-22AD66758124}.MinSizeRel|x64.ActiveCfg = MinSizeRel|x64
		{969A6443-E4D6-3166-8443-22AD66758124}.MinSizeRel|x64.Build.0 = MinSizeRel|x64
		{969A6443-E4D6-3166-8443-22AD66758124}.RelWithDebInfo|x64.ActiveCfg = RelWithDebInfo|x64
		{969A6443-E4D6-3166-8443-22AD66758124}.RelWithDebInfo|x64.Build.0 = RelWithDebInfo|x64
		{879BC9C6-0E6A-3398-848B-E12E8029DAC5}.Debug|x64.ActiveCfg = Debug|x64
		{879BC9C6-0E6A-3398-848B-E12E8029DAC5}.Debug|x64.Build.0 = Debug|x64
		{879BC9C6-0E6A-3398-848B-E12E8029DAC5}.Release|x64.ActiveCfg = Release|x64
		{879BC9C6-0E6A-3398-848B-E12E8029DAC5}.Release|x64.Build.0 = Release|x64
		{879BC9C6-0E6A-3398-848B-E12E8029DAC5}.MinSizeRel|x64.ActiveCfg = MinSizeRel|x64
		{879BC9C6-0E6A-3398-848B-E12E8029DAC5}.MinSizeRel|x64.Build.0 = MinSizeRel|x64
		{879BC9C6-0E6A-3398-848B-E12E8029DAC5}.RelWithDebInfo|x64.ActiveCfg = RelWithDebInfo|x64
		{879BC9C6-0E6A-3398-848B-E12E8029DAC5}.RelWithDebInfo|x64.Build.0 = RelWithDebInfo|x64
		{CACF4972-CCBA-3444-9D98-100029F50B0F}.Debug|x64.ActiveCfg = Debug|x64
		{CACF4972-CCBA-3444-9D98-100029F50B0F}.Debug|x64.Build.0 = Debug|x64
		{CACF4972-CCBA-3444-9D98-100029F50B0F}.Release|x64.ActiveCfg = Release|x64
		{CACF4972-CCBA-3444-9D98-100029F50B0F}.Release|x64.Build.0 = Release|x64
		{CACF4972-CCBA-3444-9D98-100029F50B0F}.MinSizeRel|x64.ActiveCfg = MinSizeRel|x64
		{CACF4972-CCBA-3444-9D98-100029F50B0F}.MinSizeRel|x64.Build.0 = MinSizeRel|x64
		{CACF4972-CCBA-3444-9D98-100029F50B0F}.RelWithDebInfo|x64.ActiveCfg = RelWithDebInfo|x64
		{CACF4972-CCBA-3444-9D98-100029F50B0F}.RelWithDebInfo|x64.Build.0 = RelWithDebInfo|x64
		{0BC07ACA-6C57-3548-9F77-F23FC04BB413}.Debug|x64.ActiveCfg = Debug|x64
		{0BC07ACA-6C57-3548-9F77-F23FC04BB413}.Debug|x64.Build.0 = Debug|x64
		{0BC07ACA-6C57-3548-9F77-F23FC04BB413}.Release|x64.ActiveCfg = Release|x64
		{0BC07ACA-6C57-3548-9F77-F23FC04BB413}.Release|x64.Build.0 = Release|x64
		{0BC07ACA-6C57-3548-9F77-F23FC04BB413}.MinSizeRel|x64.ActiveCfg = MinSizeRel|x64
		{0BC07ACA-6C57-3548-9F77-F23FC04BB413}.MinSizeRel|x64.Build.0 = MinSizeRel|x64
		{0BC07ACA-6C57-3548-9F77-F23FC04BB413}.RelWithDebInfo|x64.ActiveCfg = RelWithDebInfo|x64
		{0BC07ACA-6C57-3548-9F77-F23FC04BB413}.RelWithDebInfo|x64.Build.0 = RelWithDebInfo|x64
		{FFC221F3-1782-34DC-9BDD-C8075DCA2187}.Debug|x64.ActiveCfg = Debug|x64
		{FFC221F3-1782-34DC-9BDD-C8075DCA2187}.Debug|x64.Build.0 = Debug|x64
		{FFC221F3-1782-34DC-9BDD-C8075DCA2187}.Release|x64.ActiveCfg = Release|x64
		{FFC221F3-1782-34DC-9BDD-C8075DCA2187}.Release|x64.Build.0 = Release|x64
		{FFC221F3-1782-34DC-9BDD-C8075DCA2187}.MinSizeRel|x64.ActiveCfg = MinSizeRel|x64
		{FFC221F3-1782-34DC-9BDD-C8075DCA2187}.MinSizeRel|x64.Build.0 = MinSizeRel|x64
		{FFC221F3-1782-34DC-9BDD-C8075DCA2187}.RelWithDebInfo|x64.ActiveCfg = RelWithDebInfo|x64
		{FFC221F3-1782-34DC-9BDD-C8075DCA2187}.RelWithDebInfo|x64.Build.0 = RelWithDebInfo|x64
		{37A1F9AD-5E96-359E-A029-DCC9B3DFC740}.Debug|x64.ActiveCfg = Debug|x64
		{37A1F9AD-5E96-359E-A029-DCC9B3DFC740}.Debug|x64.Build.0 = Debug|x64
		{37A1F9AD-5E96-359E-A029-DCC9B3DFC740}.Release|x64.ActiveCfg = Release|x64
		{37A1F9AD-5E96-359E-A029-DCC9B3DFC740}.Release|x64.Build.0 = Release|x64
		{37A1F9AD-5E96-359E-A029-DCC9B3DFC740}.MinSizeRel|x64.ActiveCfg = MinSizeRel|x64
		{37A1F9AD-5E96-359E-A029-DCC9B3DFC740}.MinSizeRel|x64.Build.0 = MinSizeRel|x64
		{37A1F9AD-5E96-359E-A029-DCC9B3DFC740}.RelWithDebInfo|x64.ActiveCfg = RelWithDebInfo|x64
		{37A1F9AD-5E96-359E-A029-DCC9B3DFC740}.RelWithDebInfo|x64.Build.0 = RelWithDebInfo|x64
	EndGlobalSection
	GlobalSection(NestedProjects) = preSolution
		{404FB05D-A21E-3E73-8CE9-38593F582A1E} = {417E5BFB-0938-3F5C-BE78-BA10B670137F}
		{A015043D-3EAF-346F-BC7E-162F9F7E6EBA} = {417E5BFB-0938-3F5C-BE78-BA10B670137F}
		{11C2FB28-1DC0-37FA-B4A2-DC789E3403C7} = {417E5BFB-0938-3F5C-BE78-BA10B670137F}
		{2E42D8FD-8508-3445-81CD-E1B200D13171} = {417E5BFB-0938-3F5C-BE78-BA10B670137F}
		{969A6443-E4D6-3166-8443-22AD66758124} = {250F0145-3541-3D63-9047-6D3F16BAEC5D}
		{879BC9C6-0E6A-3398-848B-E12E8029DAC5} = {250F0145-3541-3D63-9047-6D3F16BAEC5D}
		{CACF4972-CCBA-3444-9D98-100029F50B0F} = {250F0145-3541-3D63-9047-6D3F16BAEC5D}
		{0BC07ACA-6C57-3548-9F77-F23FC04BB413} = {250F0145-3541-3D63-9047-6D3F16BAEC5D}
		{FFC221F3-1782-34DC-9BDD-C8075DCA2187} = {250F0145-3541-3D63-9047-6D3F16BAEC5D}
		{37A1F9AD-5E96-359E-A029-DCC9B3DFC740} = {250F0145-3541-3D63-9047-6D3F16BAEC5D}
	EndGlobalSection
	GlobalSection(ExtensibilityGlobals) = postSolution
		SolutionGuid = {D9E38000-CE59-3D85-A252-8E811ECAE8BA}
	EndGlobalSection
	GlobalSection(ExtensibilityAddIns) = postSolution
	EndGlobalSection
EndGlobal
