<?xml version="1.0" encoding="utf-8"?>
<Project ToolsVersion="17.0" xmlns="http://schemas.microsoft.com/developer/msbuild/2003">
  <ItemGroup>
    <ClCompile Include="C:\Users\carlo\source\repos\FizhandChips\Cmake_stuff\fizhandchips\crosshair.cpp">
      <Filter>Source Files</Filter>
    </ClCompile>
    <ClCompile Include="C:\Users\carlo\source\repos\FizhandChips\Cmake_stuff\fizhandchips\entity.cpp">
      <Filter>Source Files</Filter>
    </ClCompile>
    <ClCompile Include="C:\Users\carlo\source\repos\FizhandChips\Cmake_stuff\fizhandchips\main.cpp">
      <Filter>Source Files</Filter>
    </ClCompile>
  </ItemGroup>
  <ItemGroup>
    <ClInclude Include="C:\Users\carlo\source\repos\FizhandChips\Cmake_stuff\fizhandchips\crosshair.h">
      <Filter>Header Files</Filter>
    </ClInclude>
    <ClInclude Include="C:\Users\carlo\source\repos\FizhandChips\Cmake_stuff\fizhandchips\entity.h">
      <Filter>Header Files</Filter>
    </ClInclude>
    <ClInclude Include="C:\Users\carlo\source\repos\FizhandChips\Cmake_stuff\fizhandchips\game.h">
      <Filter>Header Files</Filter>
    </ClInclude>
  </ItemGroup>
  <ItemGroup>
    <CustomBuild Include="C:\Users\carlo\source\repos\FizhandChips\Cmake_stuff\CMakeLists.txt" />
  </ItemGroup>
  <ItemGroup>
    <Filter Include="Header Files">
      <UniqueIdentifier>{8B777F1E-1B30-3695-9F10-88DCDD0C420D}</UniqueIdentifier>
    </Filter>
    <Filter Include="Source Files">
      <UniqueIdentifier>{9D77ED7D-8974-36B4-9044-7DE2FDD2540B}</UniqueIdentifier>
    </Filter>
  </ItemGroup>
</Project>
