<?xml version="1.0" encoding="utf-8"?>
<Project ToolsVersion="17.0" xmlns="http://schemas.microsoft.com/developer/msbuild/2003">
  <ItemGroup>
    <CustomBuild Include="C:\Users\carlo\source\repos\Fizh-and-Chips\Solutions\CMakeFiles\c714550363bbda0466d8e8d6c4af4c51\INSTALL_force.rule">
      <Filter>CMake Rules</Filter>
    </CustomBuild>
  </ItemGroup>
  <ItemGroup>
    <Filter Include="CMake Rules">
      <UniqueIdentifier>{49F38EF1-0BD9-3F3C-8D4B-37E780B927ED}</UniqueIdentifier>
    </Filter>
  </ItemGroup>
</Project>
