<?xml version="1.0" encoding="utf-8"?>
<Project ToolsVersion="17.0" xmlns="http://schemas.microsoft.com/developer/msbuild/2003">
  <ItemGroup>
    <ClCompile Include="C:\Users\carlo\source\repos\FizhandChips\Cmake_stuff\lib\sfml\src\SFML\Audio\ALCheck.cpp" />
    <ClCompile Include="C:\Users\carlo\source\repos\FizhandChips\Cmake_stuff\lib\sfml\src\SFML\Audio\AlResource.cpp" />
    <ClCompile Include="C:\Users\carlo\source\repos\FizhandChips\Cmake_stuff\lib\sfml\src\SFML\Audio\AudioDevice.cpp" />
    <ClCompile Include="C:\Users\carlo\source\repos\FizhandChips\Cmake_stuff\lib\sfml\src\SFML\Audio\Listener.cpp" />
    <ClCompile Include="C:\Users\carlo\source\repos\FizhandChips\Cmake_stuff\lib\sfml\src\SFML\Audio\Music.cpp" />
    <ClCompile Include="C:\Users\carlo\source\repos\FizhandChips\Cmake_stuff\lib\sfml\src\SFML\Audio\Sound.cpp" />
    <ClCompile Include="C:\Users\carlo\source\repos\FizhandChips\Cmake_stuff\lib\sfml\src\SFML\Audio\SoundBuffer.cpp" />
    <ClCompile Include="C:\Users\carlo\source\repos\FizhandChips\Cmake_stuff\lib\sfml\src\SFML\Audio\SoundBufferRecorder.cpp" />
    <ClCompile Include="C:\Users\carlo\source\repos\FizhandChips\Cmake_stuff\lib\sfml\src\SFML\Audio\InputSoundFile.cpp" />
    <ClCompile Include="C:\Users\carlo\source\repos\FizhandChips\Cmake_stuff\lib\sfml\src\SFML\Audio\OutputSoundFile.cpp" />
    <ClCompile Include="C:\Users\carlo\source\repos\FizhandChips\Cmake_stuff\lib\sfml\src\SFML\Audio\SoundRecorder.cpp" />
    <ClCompile Include="C:\Users\carlo\source\repos\FizhandChips\Cmake_stuff\lib\sfml\src\SFML\Audio\SoundSource.cpp" />
    <ClCompile Include="C:\Users\carlo\source\repos\FizhandChips\Cmake_stuff\lib\sfml\src\SFML\Audio\SoundStream.cpp" />
    <ClCompile Include="C:\Users\carlo\source\repos\FizhandChips\Cmake_stuff\lib\sfml\src\SFML\Audio\SoundFileFactory.cpp">
      <Filter>codecs</Filter>
    </ClCompile>
    <ClCompile Include="C:\Users\carlo\source\repos\FizhandChips\Cmake_stuff\lib\sfml\src\SFML\Audio\SoundFileReaderFlac.cpp">
      <Filter>codecs</Filter>
    </ClCompile>
    <ClCompile Include="C:\Users\carlo\source\repos\FizhandChips\Cmake_stuff\lib\sfml\src\SFML\Audio\SoundFileReaderMp3.cpp">
      <Filter>codecs</Filter>
    </ClCompile>
    <ClCompile Include="C:\Users\carlo\source\repos\FizhandChips\Cmake_stuff\lib\sfml\src\SFML\Audio\SoundFileReaderOgg.cpp">
      <Filter>codecs</Filter>
    </ClCompile>
    <ClCompile Include="C:\Users\carlo\source\repos\FizhandChips\Cmake_stuff\lib\sfml\src\SFML\Audio\SoundFileReaderWav.cpp">
      <Filter>codecs</Filter>
    </ClCompile>
    <ClCompile Include="C:\Users\carlo\source\repos\FizhandChips\Cmake_stuff\lib\sfml\src\SFML\Audio\SoundFileWriterFlac.cpp">
      <Filter>codecs</Filter>
    </ClCompile>
    <ClCompile Include="C:\Users\carlo\source\repos\FizhandChips\Cmake_stuff\lib\sfml\src\SFML\Audio\SoundFileWriterOgg.cpp">
      <Filter>codecs</Filter>
    </ClCompile>
    <ClCompile Include="C:\Users\carlo\source\repos\FizhandChips\Cmake_stuff\lib\sfml\src\SFML\Audio\SoundFileWriterWav.cpp">
      <Filter>codecs</Filter>
    </ClCompile>
  </ItemGroup>
  <ItemGroup>
    <ClInclude Include="C:\Users\carlo\source\repos\FizhandChips\Cmake_stuff\lib\sfml\src\SFML\Audio\ALCheck.hpp" />
    <ClInclude Include="C:\Users\carlo\source\repos\FizhandChips\Cmake_stuff\lib\sfml\include\SFML\Audio\AlResource.hpp" />
    <ClInclude Include="C:\Users\carlo\source\repos\FizhandChips\Cmake_stuff\lib\sfml\src\SFML\Audio\AudioDevice.hpp" />
    <ClInclude Include="C:\Users\carlo\source\repos\FizhandChips\Cmake_stuff\lib\sfml\include\SFML\Audio\Export.hpp" />
    <ClInclude Include="C:\Users\carlo\source\repos\FizhandChips\Cmake_stuff\lib\sfml\include\SFML\Audio\Listener.hpp" />
    <ClInclude Include="C:\Users\carlo\source\repos\FizhandChips\Cmake_stuff\lib\sfml\include\SFML\Audio\Music.hpp" />
    <ClInclude Include="C:\Users\carlo\source\repos\FizhandChips\Cmake_stuff\lib\sfml\include\SFML\Audio\Sound.hpp" />
    <ClInclude Include="C:\Users\carlo\source\repos\FizhandChips\Cmake_stuff\lib\sfml\include\SFML\Audio\SoundBuffer.hpp" />
    <ClInclude Include="C:\Users\carlo\source\repos\FizhandChips\Cmake_stuff\lib\sfml\include\SFML\Audio\SoundBufferRecorder.hpp" />
    <ClInclude Include="C:\Users\carlo\source\repos\FizhandChips\Cmake_stuff\lib\sfml\include\SFML\Audio\InputSoundFile.hpp" />
    <ClInclude Include="C:\Users\carlo\source\repos\FizhandChips\Cmake_stuff\lib\sfml\include\SFML\Audio\OutputSoundFile.hpp" />
    <ClInclude Include="C:\Users\carlo\source\repos\FizhandChips\Cmake_stuff\lib\sfml\include\SFML\Audio\SoundRecorder.hpp" />
    <ClInclude Include="C:\Users\carlo\source\repos\FizhandChips\Cmake_stuff\lib\sfml\include\SFML\Audio\SoundSource.hpp" />
    <ClInclude Include="C:\Users\carlo\source\repos\FizhandChips\Cmake_stuff\lib\sfml\include\SFML\Audio\SoundStream.hpp" />
    <ClInclude Include="C:\Users\carlo\source\repos\FizhandChips\Cmake_stuff\lib\sfml\include\SFML\Audio\SoundFileFactory.hpp">
      <Filter>codecs</Filter>
    </ClInclude>
    <ClInclude Include="C:\Users\carlo\source\repos\FizhandChips\Cmake_stuff\lib\sfml\include\SFML\Audio\SoundFileFactory.inl">
      <Filter>codecs</Filter>
    </ClInclude>
    <ClInclude Include="C:\Users\carlo\source\repos\FizhandChips\Cmake_stuff\lib\sfml\include\SFML\Audio\SoundFileReader.hpp">
      <Filter>codecs</Filter>
    </ClInclude>
    <ClInclude Include="C:\Users\carlo\source\repos\FizhandChips\Cmake_stuff\lib\sfml\src\SFML\Audio\SoundFileReaderFlac.hpp">
      <Filter>codecs</Filter>
    </ClInclude>
    <ClInclude Include="C:\Users\carlo\source\repos\FizhandChips\Cmake_stuff\lib\sfml\src\SFML\Audio\SoundFileReaderMp3.hpp">
      <Filter>codecs</Filter>
    </ClInclude>
    <ClInclude Include="C:\Users\carlo\source\repos\FizhandChips\Cmake_stuff\lib\sfml\src\SFML\Audio\SoundFileReaderOgg.hpp">
      <Filter>codecs</Filter>
    </ClInclude>
    <ClInclude Include="C:\Users\carlo\source\repos\FizhandChips\Cmake_stuff\lib\sfml\src\SFML\Audio\SoundFileReaderWav.hpp">
      <Filter>codecs</Filter>
    </ClInclude>
    <ClInclude Include="C:\Users\carlo\source\repos\FizhandChips\Cmake_stuff\lib\sfml\include\SFML\Audio\SoundFileWriter.hpp">
      <Filter>codecs</Filter>
    </ClInclude>
    <ClInclude Include="C:\Users\carlo\source\repos\FizhandChips\Cmake_stuff\lib\sfml\src\SFML\Audio\SoundFileWriterFlac.hpp">
      <Filter>codecs</Filter>
    </ClInclude>
    <ClInclude Include="C:\Users\carlo\source\repos\FizhandChips\Cmake_stuff\lib\sfml\src\SFML\Audio\SoundFileWriterOgg.hpp">
      <Filter>codecs</Filter>
    </ClInclude>
    <ClInclude Include="C:\Users\carlo\source\repos\FizhandChips\Cmake_stuff\lib\sfml\src\SFML\Audio\SoundFileWriterWav.hpp">
      <Filter>codecs</Filter>
    </ClInclude>
  </ItemGroup>
  <ItemGroup>
    <CustomBuild Include="C:\Users\carlo\source\repos\FizhandChips\Cmake_stuff\lib\sfml\src\SFML\Audio\CMakeLists.txt" />
  </ItemGroup>
  <ItemGroup>
    <ResourceCompile Include="C:\Users\carlo\source\repos\FizhandChips\Solutions\lib\sfml\src\SFML\Audio\sfml-audio.rc" />
  </ItemGroup>
  <ItemGroup>
    <Filter Include="codecs">
      <UniqueIdentifier>{7EFA7AE0-EE0E-30C9-AACF-1364EB21C12A}</UniqueIdentifier>
    </Filter>
  </ItemGroup>
</Project>
